
Microsoft Visual Studio Solution File, Format Version 12.00
# Visual Studio Version 17
VisualStudioVersion = 17.7.34031.279
MinimumVisualStudioVersion = 10.0.40219.1
Project("{FAE04EC0-301F-11D3-BF4B-00C04F79EFBC}") = "PACTICA08-COLAS EN C SHARP-VICCALDERON", "PACTICA08-COLAS EN C SHARP-VICCALDERON\PACTICA08-COLAS EN C SHARP-VICCALDERON.csproj", "{38C1DC55-1914-4C1C-AF6D-CDD2A45C2C15}"
EndProject
Global
	GlobalSection(SolutionConfigurationPlatforms) = preSolution
		Debug|Any CPU = Debug|Any CPU
		Release|Any CPU = Release|Any CPU
	EndGlobalSection
	GlobalSection(ProjectConfigurationPlatforms) = postSolution
		{38C1DC55-1914-4C1C-AF6D-CDD2A45C2C15}.Debug|Any CPU.ActiveCfg = Debug|Any CPU
		{38C1DC55-1914-4C1C-AF6D-CDD2A45C2C15}.Debug|Any CPU.Build.0 = Debug|Any CPU
		{38C1DC55-1914-4C1C-AF6D-CDD2A45C2C15}.Release|Any CPU.ActiveCfg = Release|Any CPU
		{38C1DC55-1914-4C1C-AF6D-CDD2A45C2C15}.Release|Any CPU.Build.0 = Release|Any CPU
	EndGlobalSection
	GlobalSection(SolutionProperties) = preSolution
		HideSolutionNode = FALSE
	EndGlobalSection
	GlobalSection(ExtensibilityGlobals) = postSolution
		SolutionGuid = {FB87677C-E1D6-4377-BDEF-8E8C52DBA443}
	EndGlobalSection
EndGlobal
